
Microsoft Visual Studio Solution File, Format Version 12.00
# Visual Studio 15
Project("{FAE04EC0-301F-11D3-BF4B-00C04F79EFBC}") = "Assembly-CSharp", "Assembly-CSharp.csproj", "{0FAD36C6-1384-E427-D6C4-E51567D96083}"
EndProject
Project("{FAE04EC0-301F-11D3-BF4B-00C04F79EFBC}") = "Assembly-CSharp-firstpass", "Assembly-CSharp-firstpass.csproj", "{A3A6C594-E172-0867-E873-92BEE83780E7}"
EndProject
Project("{FAE04EC0-301F-11D3-BF4B-00C04F79EFBC}") = "Assembly-CSharp-Editor-firstpass", "Assembly-CSharp-Editor-firstpass.csproj", "{76BCA67B-8A1E-7AE0-9FAC-073F02199B17}"
EndProject
Project("{FAE04EC0-301F-11D3-BF4B-00C04F79EFBC}") = "Assembly-CSharp-Editor", "Assembly-CSharp-Editor.csproj", "{C12D07D6-885A-6A80-0500-DA1D805A7492}"
EndProject
Global
	GlobalSection(SolutionConfigurationPlatforms) = preSolution
		Debug|Any CPU = Debug|Any CPU
		Release|Any CPU = Release|Any CPU
	EndGlobalSection
	GlobalSection(ProjectConfigurationPlatforms) = postSolution
		{0FAD36C6-1384-E427-D6C4-E51567D96083}.Debug|Any CPU.ActiveCfg = Debug|Any CPU
		{0FAD36C6-1384-E427-D6C4-E51567D96083}.Debug|Any CPU.Build.0 = Debug|Any CPU
		{0FAD36C6-1384-E427-D6C4-E51567D96083}.Release|Any CPU.ActiveCfg = Release|Any CPU
		{0FAD36C6-1384-E427-D6C4-E51567D96083}.Release|Any CPU.Build.0 = Release|Any CPU
		{A3A6C594-E172-0867-E873-92BEE83780E7}.Debug|Any CPU.ActiveCfg = Debug|Any CPU
		{A3A6C594-E172-0867-E873-92BEE83780E7}.Debug|Any CPU.Build.0 = Debug|Any CPU
		{A3A6C594-E172-0867-E873-92BEE83780E7}.Release|Any CPU.ActiveCfg = Release|Any CPU
		{A3A6C594-E172-0867-E873-92BEE83780E7}.Release|Any CPU.Build.0 = Release|Any CPU
		{76BCA67B-8A1E-7AE0-9FAC-073F02199B17}.Debug|Any CPU.ActiveCfg = Debug|Any CPU
		{76BCA67B-8A1E-7AE0-9FAC-073F02199B17}.Debug|Any CPU.Build.0 = Debug|Any CPU
		{76BCA67B-8A1E-7AE0-9FAC-073F02199B17}.Release|Any CPU.ActiveCfg = Release|Any CPU
		{76BCA67B-8A1E-7AE0-9FAC-073F02199B17}.Release|Any CPU.Build.0 = Release|Any CPU
		{C12D07D6-885A-6A80-0500-DA1D805A7492}.Debug|Any CPU.ActiveCfg = Debug|Any CPU
		{C12D07D6-885A-6A80-0500-DA1D805A7492}.Debug|Any CPU.Build.0 = Debug|Any CPU
		{C12D07D6-885A-6A80-0500-DA1D805A7492}.Release|Any CPU.ActiveCfg = Release|Any CPU
		{C12D07D6-885A-6A80-0500-DA1D805A7492}.Release|Any CPU.Build.0 = Release|Any CPU
	EndGlobalSection
	GlobalSection(SolutionProperties) = preSolution
		HideSolutionNode = FALSE
	EndGlobalSection
EndGlobal
